
Microsoft Visual Studio Solution File, Format Version 12.00
# Visual Studio Version 17
VisualStudioVersion = 17.6.33723.286
MinimumVisualStudioVersion = 10.0.40219.1
Project("{9A19103F-16F7-4668-BE54-9A1E7A4F7556}") = "NuosHelpBot", "TelegramBot\NuosHelpBot.csproj", "{74C744E5-1B70-40E4-829B-A6836C586D2E}"
EndProject
Global
	GlobalSection(SolutionConfigurationPlatforms) = preSolution
		Debug|Any CPU = Debug|Any CPU
		Release|Any CPU = Release|Any CPU
	EndGlobalSection
	GlobalSection(ProjectConfigurationPlatforms) = postSolution
		{74C744E5-1B70-40E4-829B-A6836C586D2E}.Debug|Any CPU.ActiveCfg = Debug|Any CPU
		{74C744E5-1B70-40E4-829B-A6836C586D2E}.Debug|Any CPU.Build.0 = Debug|Any CPU
		{74C744E5-1B70-40E4-829B-A6836C586D2E}.Release|Any CPU.ActiveCfg = Release|Any CPU
		{74C744E5-1B70-40E4-829B-A6836C586D2E}.Release|Any CPU.Build.0 = Release|Any CPU
	EndGlobalSection
	GlobalSection(SolutionProperties) = preSolution
		HideSolutionNode = FALSE
	EndGlobalSection
	GlobalSection(ExtensibilityGlobals) = postSolution
		SolutionGuid = {435D2454-B8ED-44DD-8E23-F67031A58362}
	EndGlobalSection
EndGlobal
